// !$*UTF8*$!
{
	archiveVersion = 1;
	classes = {
	};
	objectVersion = 56;
	objects = {

/* Begin PBXBuildFile section */
		29430FEE28E8920700BD8550 /* FeedViewController.swift in Sources */ = {isa = PBXBuildFile; fileRef = 29430FED28E8920700BD8550 /* FeedViewController.swift */; };
		29430FF028E8921300BD8550 /* UploadViewController.swift in Sources */ = {isa = PBXBuildFile; fileRef = 29430FEF28E8921300BD8550 /* UploadViewController.swift */; };
		29430FF228E8922200BD8550 /* SettingsViewController.swift in Sources */ = {isa = PBXBuildFile; fileRef = 29430FF128E8922200BD8550 /* SettingsViewController.swift */; };
		296AAB6928E2EE2C00F0F499 /* AppDelegate.swift in Sources */ = {isa = PBXBuildFile; fileRef = 296AAB6828E2EE2C00F0F499 /* AppDelegate.swift */; };
		296AAB6B28E2EE2C00F0F499 /* SceneDelegate.swift in Sources */ = {isa = PBXBuildFile; fileRef = 296AAB6A28E2EE2C00F0F499 /* SceneDelegate.swift */; };
		296AAB6D28E2EE2C00F0F499 /* ViewController.swift in Sources */ = {isa = PBXBuildFile; fileRef = 296AAB6C28E2EE2C00F0F499 /* ViewController.swift */; };
		296AAB7028E2EE2C00F0F499 /* Main.storyboard in Resources */ = {isa = PBXBuildFile; fileRef = 296AAB6E28E2EE2C00F0F499 /* Main.storyboard */; };
		296AAB7228E2EE2E00F0F499 /* Assets.xcassets in Resources */ = {isa = PBXBuildFile; fileRef = 296AAB7128E2EE2E00F0F499 /* Assets.xcassets */; };
		296AAB7528E2EE2E00F0F499 /* LaunchScreen.storyboard in Resources */ = {isa = PBXBuildFile; fileRef = 296AAB7328E2EE2E00F0F499 /* LaunchScreen.storyboard */; };
		296AAB7D28E2F00100F0F499 /* GoogleService-Info.plist in Resources */ = {isa = PBXBuildFile; fileRef = 296AAB7C28E2F00100F0F499 /* GoogleService-Info.plist */; };
		296AAB8028E2F1BB00F0F499 /* FirebaseAnalytics in Frameworks */ = {isa = PBXBuildFile; productRef = 296AAB7F28E2F1BB00F0F499 /* FirebaseAnalytics */; };
		296AAB8228E2F1BB00F0F499 /* FirebaseAuth in Frameworks */ = {isa = PBXBuildFile; productRef = 296AAB8128E2F1BB00F0F499 /* FirebaseAuth */; };
		296AAB8428E2F1BB00F0F499 /* FirebaseAuthCombine-Community in Frameworks */ = {isa = PBXBuildFile; productRef = 296AAB8328E2F1BB00F0F499 /* FirebaseAuthCombine-Community */; };
		296AAB8628E2F1BB00F0F499 /* FirebaseFirestore in Frameworks */ = {isa = PBXBuildFile; productRef = 296AAB8528E2F1BB00F0F499 /* FirebaseFirestore */; };
		296AAB8828E2F1BB00F0F499 /* FirebaseFirestoreCombine-Community in Frameworks */ = {isa = PBXBuildFile; productRef = 296AAB8728E2F1BB00F0F499 /* FirebaseFirestoreCombine-Community */; };
		296AAB8A28E2F1BB00F0F499 /* FirebaseStorage in Frameworks */ = {isa = PBXBuildFile; productRef = 296AAB8928E2F1BB00F0F499 /* FirebaseStorage */; };
		296AAB8C28E2F1BB00F0F499 /* FirebaseStorageCombine-Community in Frameworks */ = {isa = PBXBuildFile; productRef = 296AAB8B28E2F1BB00F0F499 /* FirebaseStorageCombine-Community */; };
/* End PBXBuildFile section */

/* Begin PBXFileReference section */
		29430FED28E8920700BD8550 /* FeedViewController.swift */ = {isa = PBXFileReference; lastKnownFileType = sourcecode.swift; path = FeedViewController.swift; sourceTree = "<group>"; };
		29430FEF28E8921300BD8550 /* UploadViewController.swift */ = {isa = PBXFileReference; lastKnownFileType = sourcecode.swift; path = UploadViewController.swift; sourceTree = "<group>"; };
		29430FF128E8922200BD8550 /* SettingsViewController.swift */ = {isa = PBXFileReference; lastKnownFileType = sourcecode.swift; path = SettingsViewController.swift; sourceTree = "<group>"; };
		296AAB6528E2EE2C00F0F499 /* InstaCloneFirebase.app */ = {isa = PBXFileReference; explicitFileType = wrapper.application; includeInIndex = 0; path = InstaCloneFirebase.app; sourceTree = BUILT_PRODUCTS_DIR; };
		296AAB6828E2EE2C00F0F499 /* AppDelegate.swift */ = {isa = PBXFileReference; lastKnownFileType = sourcecode.swift; path = AppDelegate.swift; sourceTree = "<group>"; };
		296AAB6A28E2EE2C00F0F499 /* SceneDelegate.swift */ = {isa = PBXFileReference; lastKnownFileType = sourcecode.swift; path = SceneDelegate.swift; sourceTree = "<group>"; };
		296AAB6C28E2EE2C00F0F499 /* ViewController.swift */ = {isa = PBXFileReference; lastKnownFileType = sourcecode.swift; path = ViewController.swift; sourceTree = "<group>"; };
		296AAB6F28E2EE2C00F0F499 /* Base */ = {isa = PBXFileReference; lastKnownFileType = file.storyboard; name = Base; path = Base.lproj/Main.storyboard; sourceTree = "<group>"; };
		296AAB7128E2EE2E00F0F499 /* Assets.xcassets */ = {isa = PBXFileReference; lastKnownFileType = folder.assetcatalog; path = Assets.xcassets; sourceTree = "<group>"; };
		296AAB7428E2EE2E00F0F499 /* Base */ = {isa = PBXFileReference; lastKnownFileType = file.storyboard; name = Base; path = Base.lproj/LaunchScreen.storyboard; sourceTree = "<group>"; };
		296AAB7628E2EE2E00F0F499 /* Info.plist */ = {isa = PBXFileReference; lastKnownFileType = text.plist.xml; path = Info.plist; sourceTree = "<group>"; };
		296AAB7C28E2F00100F0F499 /* GoogleService-Info.plist */ = {isa = PBXFileReference; fileEncoding = 4; lastKnownFileType = text.plist.xml; path = "GoogleService-Info.plist"; sourceTree = "<group>"; };
/* End PBXFileReference section */

/* Begin PBXFrameworksBuildPhase section */
		296AAB6228E2EE2C00F0F499 /* Frameworks */ = {
			isa = PBXFrameworksBuildPhase;
			buildActionMask = 2147483647;
			files = (
				296AAB8028E2F1BB00F0F499 /* FirebaseAnalytics in Frameworks */,
				296AAB8C28E2F1BB00F0F499 /* FirebaseStorageCombine-Community in Frameworks */,
				296AAB8628E2F1BB00F0F499 /* FirebaseFirestore in Frameworks */,
				296AAB8428E2F1BB00F0F499 /* FirebaseAuthCombine-Community in Frameworks */,
				296AAB8828E2F1BB00F0F499 /* FirebaseFirestoreCombine-Community in Frameworks */,
				296AAB8228E2F1BB00F0F499 /* FirebaseAuth in Frameworks */,
				296AAB8A28E2F1BB00F0F499 /* FirebaseStorage in Frameworks */,
			);
			runOnlyForDeploymentPostprocessing = 0;
		};
/* End PBXFrameworksBuildPhase section */

/* Begin PBXGroup section */
		296AAB5C28E2EE2C00F0F499 = {
			isa = PBXGroup;
			children = (
				296AAB6728E2EE2C00F0F499 /* InstaCloneFirebase */,
				296AAB6628E2EE2C00F0F499 /* Products */,
			);
			sourceTree = "<group>";
		};
		296AAB6628E2EE2C00F0F499 /* Products */ = {
			isa = PBXGroup;
			children = (
				296AAB6528E2EE2C00F0F499 /* InstaCloneFirebase.app */,
			);
			name = Products;
			sourceTree = "<group>";
		};
		296AAB6728E2EE2C00F0F499 /* InstaCloneFirebase */ = {
			isa = PBXGroup;
			children = (
				296AAB7C28E2F00100F0F499 /* GoogleService-Info.plist */,
				296AAB6828E2EE2C00F0F499 /* AppDelegate.swift */,
				296AAB6A28E2EE2C00F0F499 /* SceneDelegate.swift */,
				296AAB6C28E2EE2C00F0F499 /* ViewController.swift */,
				296AAB6E28E2EE2C00F0F499 /* Main.storyboard */,
				296AAB7128E2EE2E00F0F499 /* Assets.xcassets */,
				296AAB7328E2EE2E00F0F499 /* LaunchScreen.storyboard */,
				296AAB7628E2EE2E00F0F499 /* Info.plist */,
				29430FED28E8920700BD8550 /* FeedViewController.swift */,
				29430FEF28E8921300BD8550 /* UploadViewController.swift */,
				29430FF128E8922200BD8550 /* SettingsViewController.swift */,
			);
			path = InstaCloneFirebase;
			sourceTree = "<group>";
		};
/* End PBXGroup section */

/* Begin PBXNativeTarget section */
		296AAB6428E2EE2C00F0F499 /* InstaCloneFirebase */ = {
			isa = PBXNativeTarget;
			buildConfigurationList = 296AAB7928E2EE2E00F0F499 /* Build configuration list for PBXNativeTarget "InstaCloneFirebase" */;
			buildPhases = (
				296AAB6128E2EE2C00F0F499 /* Sources */,
				296AAB6228E2EE2C00F0F499 /* Frameworks */,
				296AAB6328E2EE2C00F0F499 /* Resources */,
			);
			buildRules = (
			);
			dependencies = (
			);
			name = InstaCloneFirebase;
			packageProductDependencies = (
				296AAB7F28E2F1BB00F0F499 /* FirebaseAnalytics */,
				296AAB8128E2F1BB00F0F499 /* FirebaseAuth */,
				296AAB8328E2F1BB00F0F499 /* FirebaseAuthCombine-Community */,
				296AAB8528E2F1BB00F0F499 /* FirebaseFirestore */,
				296AAB8728E2F1BB00F0F499 /* FirebaseFirestoreCombine-Community */,
				296AAB8928E2F1BB00F0F499 /* FirebaseStorage */,
				296AAB8B28E2F1BB00F0F499 /* FirebaseStorageCombine-Community */,
			);
			productName = InstaCloneFirebase;
			productReference = 296AAB6528E2EE2C00F0F499 /* InstaCloneFirebase.app */;
			productType = "com.apple.product-type.application";
		};
/* End PBXNativeTarget section */

/* Begin PBXProject section */
		296AAB5D28E2EE2C00F0F499 /* Project object */ = {
			isa = PBXProject;
			attributes = {
				BuildIndependentTargetsInParallel = 1;
				LastSwiftUpdateCheck = 1400;
				LastUpgradeCheck = 1400;
				TargetAttributes = {
					296AAB6428E2EE2C00F0F499 = {
						CreatedOnToolsVersion = 14.0;
					};
				};
			};
			buildConfigurationList = 296AAB6028E2EE2C00F0F499 /* Build configuration list for PBXProject "InstaCloneFirebase" */;
			compatibilityVersion = "Xcode 14.0";
			developmentRegion = en;
			hasScannedForEncodings = 0;
			knownRegions = (
				en,
				Base,
			);
			mainGroup = 296AAB5C28E2EE2C00F0F499;
			packageReferences = (
				296AAB7E28E2F1BB00F0F499 /* XCRemoteSwiftPackageReference "firebase-ios-sdk" */,
			);
			productRefGroup = 296AAB6628E2EE2C00F0F499 /* Products */;
			projectDirPath = "";
			projectRoot = "";
			targets = (
				296AAB6428E2EE2C00F0F499 /* InstaCloneFirebase */,
			);
		};
/* End PBXProject section */

/* Begin PBXResourcesBuildPhase section */
		296AAB6328E2EE2C00F0F499 /* Resources */ = {
			isa = PBXResourcesBuildPhase;
			buildActionMask = 2147483647;
			files = (
				296AAB7528E2EE2E00F0F499 /* LaunchScreen.storyboard in Resources */,
				296AAB7D28E2F00100F0F499 /* GoogleService-Info.plist in Resources */,
				296AAB7228E2EE2E00F0F499 /* Assets.xcassets in Resources */,
				296AAB7028E2EE2C00F0F499 /* Main.storyboard in Resources */,
			);
			runOnlyForDeploymentPostprocessing = 0;
		};
/* End PBXResourcesBuildPhase section */

/* Begin PBXSourcesBuildPhase section */
		296AAB6128E2EE2C00F0F499 /* Sources */ = {
			isa = PBXSourcesBuildPhase;
			buildActionMask = 2147483647;
			files = (
				296AAB6D28E2EE2C00F0F499 /* ViewController.swift in Sources */,
				29430FF028E8921300BD8550 /* UploadViewController.swift in Sources */,
				296AAB6928E2EE2C00F0F499 /* AppDelegate.swift in Sources */,
				29430FEE28E8920700BD8550 /* FeedViewController.swift in Sources */,
				296AAB6B28E2EE2C00F0F499 /* SceneDelegate.swift in Sources */,
				29430FF228E8922200BD8550 /* SettingsViewController.swift in Sources */,
			);
			runOnlyForDeploymentPostprocessing = 0;
		};
/* End PBXSourcesBuildPhase section */

/* Begin PBXVariantGroup section */
		296AAB6E28E2EE2C00F0F499 /* Main.storyboard */ = {
			isa = PBXVariantGroup;
			children = (
				296AAB6F28E2EE2C00F0F499 /* Base */,
			);
			name = Main.storyboard;
			sourceTree = "<group>";
		};
		296AAB7328E2EE2E00F0F499 /* LaunchScreen.storyboard */ = {
			isa = PBXVariantGroup;
			children = (
				296AAB7428E2EE2E00F0F499 /* Base */,
			);
			name = LaunchScreen.storyboard;
			sourceTree = "<group>";
		};
/* End PBXVariantGroup section */

/* Begin XCBuildConfiguration section */
		296AAB7728E2EE2E00F0F499 /* Debug */ = {
			isa = XCBuildConfiguration;
			buildSettings = {
				ALWAYS_SEARCH_USER_PATHS = NO;
				CLANG_ANALYZER_NONNULL = YES;
				CLANG_ANALYZER_NUMBER_OBJECT_CONVERSION = YES_AGGRESSIVE;
				CLANG_CXX_LANGUAGE_STANDARD = "gnu++20";
				CLANG_ENABLE_MODULES = YES;
				CLANG_ENABLE_OBJC_ARC = YES;
				CLANG_ENABLE_OBJC_WEAK = YES;
				CLANG_WARN_BLOCK_CAPTURE_AUTORELEASING = YES;
				CLANG_WARN_BOOL_CONVERSION = YES;
				CLANG_WARN_COMMA = YES;
				CLANG_WARN_CONSTANT_CONVERSION = YES;
				CLANG_WARN_DEPRECATED_OBJC_IMPLEMENTATIONS = YES;
				CLANG_WARN_DIRECT_OBJC_ISA_USAGE = YES_ERROR;
				CLANG_WARN_DOCUMENTATION_COMMENTS = YES;
				CLANG_WARN_EMPTY_BODY = YES;
				CLANG_WARN_ENUM_CONVERSION = YES;
				CLANG_WARN_INFINITE_RECURSION = YES;
				CLANG_WARN_INT_CONVERSION = YES;
				CLANG_WARN_NON_LITERAL_NULL_CONVERSION = YES;
				CLANG_WARN_OBJC_IMPLICIT_RETAIN_SELF = YES;
				CLANG_WARN_OBJC_LITERAL_CONVERSION = YES;
				CLANG_WARN_OBJC_ROOT_CLASS = YES_ERROR;
				CLANG_WARN_QUOTED_INCLUDE_IN_FRAMEWORK_HEADER = YES;
				CLANG_WARN_RANGE_LOOP_ANALYSIS = YES;
				CLANG_WARN_STRICT_PROTOTYPES = YES;
				CLANG_WARN_SUSPICIOUS_MOVE = YES;
				CLANG_WARN_UNGUARDED_AVAILABILITY = YES_AGGRESSIVE;
				CLANG_WARN_UNREACHABLE_CODE = YES;
				CLANG_WARN__DUPLICATE_METHOD_MATCH = YES;
				COPY_PHASE_STRIP = NO;
				DEBUG_INFORMATION_FORMAT = dwarf;
				ENABLE_STRICT_OBJC_MSGSEND = YES;
				ENABLE_TESTABILITY = YES;
				GCC_C_LANGUAGE_STANDARD = gnu11;
				GCC_DYNAMIC_NO_PIC = NO;
				GCC_NO_COMMON_BLOCKS = YES;
				GCC_OPTIMIZATION_LEVEL = 0;
				GCC_PREPROCESSOR_DEFINITIONS = (
					"DEBUG=1",
					"$(inherited)",
				);
				GCC_WARN_64_TO_32_BIT_CONVERSION = YES;
				GCC_WARN_ABOUT_RETURN_TYPE = YES_ERROR;
				GCC_WARN_UNDECLARED_SELECTOR = YES;
				GCC_WARN_UNINITIALIZED_AUTOS = YES_AGGRESSIVE;
				GCC_WARN_UNUSED_FUNCTION = YES;
				GCC_WARN_UNUSED_VARIABLE = YES;
				IPHONEOS_DEPLOYMENT_TARGET = 16.0;
				MTL_ENABLE_DEBUG_INFO = INCLUDE_SOURCE;
				MTL_FAST_MATH = YES;
				ONLY_ACTIVE_ARCH = YES;
				SDKROOT = iphoneos;
				SWIFT_ACTIVE_COMPILATION_CONDITIONS = DEBUG;
				SWIFT_OPTIMIZATION_LEVEL = "-Onone";
			};
			name = Debug;
		};
		296AAB7828E2EE2E00F0F499 /* Release */ = {
			isa = XCBuildConfiguration;
			buildSettings = {
				ALWAYS_SEARCH_USER_PATHS = NO;
				CLANG_ANALYZER_NONNULL = YES;
				CLANG_ANALYZER_NUMBER_OBJECT_CONVERSION = YES_AGGRESSIVE;
				CLANG_CXX_LANGUAGE_STANDARD = "gnu++20";
				CLANG_ENABLE_MODULES = YES;
				CLANG_ENABLE_OBJC_ARC = YES;
				CLANG_ENABLE_OBJC_WEAK = YES;
				CLANG_WARN_BLOCK_CAPTURE_AUTORELEASING = YES;
				CLANG_WARN_BOOL_CONVERSION = YES;
				CLANG_WARN_COMMA = YES;
				CLANG_WARN_CONSTANT_CONVERSION = YES;
				CLANG_WARN_DEPRECATED_OBJC_IMPLEMENTATIONS = YES;
				CLANG_WARN_DIRECT_OBJC_ISA_USAGE = YES_ERROR;
				CLANG_WARN_DOCUMENTATION_COMMENTS = YES;
				CLANG_WARN_EMPTY_BODY = YES;
				CLANG_WARN_ENUM_CONVERSION = YES;
				CLANG_WARN_INFINITE_RECURSION = YES;
				CLANG_WARN_INT_CONVERSION = YES;
				CLANG_WARN_NON_LITERAL_NULL_CONVERSION = YES;
				CLANG_WARN_OBJC_IMPLICIT_RETAIN_SELF = YES;
				CLANG_WARN_OBJC_LITERAL_CONVERSION = YES;
				CLANG_WARN_OBJC_ROOT_CLASS = YES_ERROR;
				CLANG_WARN_QUOTED_INCLUDE_IN_FRAMEWORK_HEADER = YES;
				CLANG_WARN_RANGE_LOOP_ANALYSIS = YES;
				CLANG_WARN_STRICT_PROTOTYPES = YES;
				CLANG_WARN_SUSPICIOUS_MOVE = YES;
				CLANG_WARN_UNGUARDED_AVAILABILITY = YES_AGGRESSIVE;
				CLANG_WARN_UNREACHABLE_CODE = YES;
				CLANG_WARN__DUPLICATE_METHOD_MATCH = YES;
				COPY_PHASE_STRIP = NO;
				DEBUG_INFORMATION_FORMAT = "dwarf-with-dsym";
				ENABLE_NS_ASSERTIONS = NO;
				ENABLE_STRICT_OBJC_MSGSEND = YES;
				GCC_C_LANGUAGE_STANDARD = gnu11;
				GCC_NO_COMMON_BLOCKS = YES;
				GCC_WARN_64_TO_32_BIT_CONVERSION = YES;
				GCC_WARN_ABOUT_RETURN_TYPE = YES_ERROR;
				GCC_WARN_UNDECLARED_SELECTOR = YES;
				GCC_WARN_UNINITIALIZED_AUTOS = YES_AGGRESSIVE;
				GCC_WARN_UNUSED_FUNCTION = YES;
				GCC_WARN_UNUSED_VARIABLE = YES;
				IPHONEOS_DEPLOYMENT_TARGET = 16.0;
				MTL_ENABLE_DEBUG_INFO = NO;
				MTL_FAST_MATH = YES;
				SDKROOT = iphoneos;
				SWIFT_COMPILATION_MODE = wholemodule;
				SWIFT_OPTIMIZATION_LEVEL = "-O";
				VALIDATE_PRODUCT = YES;
			};
			name = Release;
		};
		296AAB7A28E2EE2E00F0F499 /* Debug */ = {
			isa = XCBuildConfiguration;
			buildSettings = {
				ASSETCATALOG_COMPILER_APPICON_NAME = AppIcon;
				ASSETCATALOG_COMPILER_GLOBAL_ACCENT_COLOR_NAME = AccentColor;
				CODE_SIGN_STYLE = Automatic;
				CURRENT_PROJECT_VERSION = 1;
				DEVELOPMENT_TEAM = TU72F4GFFV;
				GENERATE_INFOPLIST_FILE = YES;
				INFOPLIST_FILE = InstaCloneFirebase/Info.plist;
				INFOPLIST_KEY_UIApplicationSupportsIndirectInputEvents = YES;
				INFOPLIST_KEY_UILaunchStoryboardName = LaunchScreen;
				INFOPLIST_KEY_UIMainStoryboardFile = Main;
				INFOPLIST_KEY_UISupportedInterfaceOrientations_iPad = "UIInterfaceOrientationPortrait UIInterfaceOrientationPortraitUpsideDown UIInterfaceOrientationLandscapeLeft UIInterfaceOrientationLandscapeRight";
				INFOPLIST_KEY_UISupportedInterfaceOrientations_iPhone = "UIInterfaceOrientationPortrait UIInterfaceOrientationLandscapeLeft UIInterfaceOrientationLandscapeRight";
				LD_RUNPATH_SEARCH_PATHS = (
					"$(inherited)",
					"@executable_path/Frameworks",
				);
				MARKETING_VERSION = 1.0;
				PRODUCT_BUNDLE_IDENTIFIER = kz.InstaCloneFirebase;
				PRODUCT_NAME = "$(TARGET_NAME)";
				SWIFT_EMIT_LOC_STRINGS = YES;
				SWIFT_VERSION = 5.0;
				TARGETED_DEVICE_FAMILY = "1,2";
			};
			name = Debug;
		};
		296AAB7B28E2EE2E00F0F499 /* Release */ = {
			isa = XCBuildConfiguration;
			buildSettings = {
				ASSETCATALOG_COMPILER_APPICON_NAME = AppIcon;
				ASSETCATALOG_COMPILER_GLOBAL_ACCENT_COLOR_NAME = AccentColor;
				CODE_SIGN_STYLE = Automatic;
				CURRENT_PROJECT_VERSION = 1;
				DEVELOPMENT_TEAM = TU72F4GFFV;
				GENERATE_INFOPLIST_FILE = YES;
				INFOPLIST_FILE = InstaCloneFirebase/Info.plist;
				INFOPLIST_KEY_UIApplicationSupportsIndirectInputEvents = YES;
				INFOPLIST_KEY_UILaunchStoryboardName = LaunchScreen;
				INFOPLIST_KEY_UIMainStoryboardFile = Main;
				INFOPLIST_KEY_UISupportedInterfaceOrientations_iPad = "UIInterfaceOrientationPortrait UIInterfaceOrientationPortraitUpsideDown UIInterfaceOrientationLandscapeLeft UIInterfaceOrientationLandscapeRight";
				INFOPLIST_KEY_UISupportedInterfaceOrientations_iPhone = "UIInterfaceOrientationPortrait UIInterfaceOrientationLandscapeLeft UIInterfaceOrientationLandscapeRight";
				LD_RUNPATH_SEARCH_PATHS = (
					"$(inherited)",
					"@executable_path/Frameworks",
				);
				MARKETING_VERSION = 1.0;
				PRODUCT_BUNDLE_IDENTIFIER = kz.InstaCloneFirebase;
				PRODUCT_NAME = "$(TARGET_NAME)";
				SWIFT_EMIT_LOC_STRINGS = YES;
				SWIFT_VERSION = 5.0;
				TARGETED_DEVICE_FAMILY = "1,2";
			};
			name = Release;
		};
/* End XCBuildConfiguration section */

/* Begin XCConfigurationList section */
		296AAB6028E2EE2C00F0F499 /* Build configuration list for PBXProject "InstaCloneFirebase" */ = {
			isa = XCConfigurationList;
			buildConfigurations = (
				296AAB7728E2EE2E00F0F499 /* Debug */,
				296AAB7828E2EE2E00F0F499 /* Release */,
			);
			defaultConfigurationIsVisible = 0;
			defaultConfigurationName = Release;
		};
		296AAB7928E2EE2E00F0F499 /* Build configuration list for PBXNativeTarget "InstaCloneFirebase" */ = {
			isa = XCConfigurationList;
			buildConfigurations = (
				296AAB7A28E2EE2E00F0F499 /* Debug */,
				296AAB7B28E2EE2E00F0F499 /* Release */,
			);
			defaultConfigurationIsVisible = 0;
			defaultConfigurationName = Release;
		};
/* End XCConfigurationList section */

/* Begin XCRemoteSwiftPackageReference section */
		296AAB7E28E2F1BB00F0F499 /* XCRemoteSwiftPackageReference "firebase-ios-sdk" */ = {
			isa = XCRemoteSwiftPackageReference;
			repositoryURL = "https://github.com/firebase/firebase-ios-sdk";
			requirement = {
				kind = upToNextMajorVersion;
				minimumVersion = 9.0.0;
			};
		};
/* End XCRemoteSwiftPackageReference section */

/* Begin XCSwiftPackageProductDependency section */
		296AAB7F28E2F1BB00F0F499 /* FirebaseAnalytics */ = {
			isa = XCSwiftPackageProductDependency;
			package = 296AAB7E28E2F1BB00F0F499 /* XCRemoteSwiftPackageReference "firebase-ios-sdk" */;
			productName = FirebaseAnalytics;
		};
		296AAB8128E2F1BB00F0F499 /* FirebaseAuth */ = {
			isa = XCSwiftPackageProductDependency;
			package = 296AAB7E28E2F1BB00F0F499 /* XCRemoteSwiftPackageReference "firebase-ios-sdk" */;
			productName = FirebaseAuth;
		};
		296AAB8328E2F1BB00F0F499 /* FirebaseAuthCombine-Community */ = {
			isa = XCSwiftPackageProductDependency;
			package = 296AAB7E28E2F1BB00F0F499 /* XCRemoteSwiftPackageReference "firebase-ios-sdk" */;
			productName = "FirebaseAuthCombine-Community";
		};
		296AAB8528E2F1BB00F0F499 /* FirebaseFirestore */ = {
			isa = XCSwiftPackageProductDependency;
			package = 296AAB7E28E2F1BB00F0F499 /* XCRemoteSwiftPackageReference "firebase-ios-sdk" */;
			productName = FirebaseFirestore;
		};
		296AAB8728E2F1BB00F0F499 /* FirebaseFirestoreCombine-Community */ = {
			isa = XCSwiftPackageProductDependency;
			package = 296AAB7E28E2F1BB00F0F499 /* XCRemoteSwiftPackageReference "firebase-ios-sdk" */;
			productName = "FirebaseFirestoreCombine-Community";
		};
		296AAB8928E2F1BB00F0F499 /* FirebaseStorage */ = {
			isa = XCSwiftPackageProductDependency;
			package = 296AAB7E28E2F1BB00F0F499 /* XCRemoteSwiftPackageReference "firebase-ios-sdk" */;
			productName = FirebaseStorage;
		};
		296AAB8B28E2F1BB00F0F499 /* FirebaseStorageCombine-Community */ = {
			isa = XCSwiftPackageProductDependency;
			package = 296AAB7E28E2F1BB00F0F499 /* XCRemoteSwiftPackageReference "firebase-ios-sdk" */;
			productName = "FirebaseStorageCombine-Community";
		};
/* End XCSwiftPackageProductDependency section */
	};
	rootObject = 296AAB5D28E2EE2C00F0F499 /* Project object */;
}
