// !$*UTF8*$!
{
	archiveVersion = 1;
	classes = {
	};
	objectVersion = 56;
	objects = {

/* Begin PBXBuildFile section */
		07BCCF4C63F5581F870091B6 /* Pods_InstaCloneFirebase.framework in Frameworks */ = {isa = PBXBuildFile; fileRef = B425344A5FADE7061E222D8B /* Pods_InstaCloneFirebase.framework */; };
		29430FEE28E8920700BD8550 /* FeedViewController.swift in Sources */ = {isa = PBXBuildFile; fileRef = 29430FED28E8920700BD8550 /* FeedViewController.swift */; };
		29430FF028E8921300BD8550 /* UploadViewController.swift in Sources */ = {isa = PBXBuildFile; fileRef = 29430FEF28E8921300BD8550 /* UploadViewController.swift */; };
		29430FF228E8922200BD8550 /* SettingsViewController.swift in Sources */ = {isa = PBXBuildFile; fileRef = 29430FF128E8922200BD8550 /* SettingsViewController.swift */; };
		296AAB6928E2EE2C00F0F499 /* AppDelegate.swift in Sources */ = {isa = PBXBuildFile; fileRef = 296AAB6828E2EE2C00F0F499 /* AppDelegate.swift */; };
		296AAB6B28E2EE2C00F0F499 /* SceneDelegate.swift in Sources */ = {isa = PBXBuildFile; fileRef = 296AAB6A28E2EE2C00F0F499 /* SceneDelegate.swift */; };
		296AAB6D28E2EE2C00F0F499 /* ViewController.swift in Sources */ = {isa = PBXBuildFile; fileRef = 296AAB6C28E2EE2C00F0F499 /* ViewController.swift */; };
		296AAB7028E2EE2C00F0F499 /* Main.storyboard in Resources */ = {isa = PBXBuildFile; fileRef = 296AAB6E28E2EE2C00F0F499 /* Main.storyboard */; };
		296AAB7228E2EE2E00F0F499 /* Assets.xcassets in Resources */ = {isa = PBXBuildFile; fileRef = 296AAB7128E2EE2E00F0F499 /* Assets.xcassets */; };
		296AAB7528E2EE2E00F0F499 /* LaunchScreen.storyboard in Resources */ = {isa = PBXBuildFile; fileRef = 296AAB7328E2EE2E00F0F499 /* LaunchScreen.storyboard */; };
		296AAB7D28E2F00100F0F499 /* GoogleService-Info.plist in Resources */ = {isa = PBXBuildFile; fileRef = 296AAB7C28E2F00100F0F499 /* GoogleService-Info.plist */; };
		29AC977128F8979700458A0B /* ProfileSettingsVC.swift in Sources */ = {isa = PBXBuildFile; fileRef = 29AC977028F8979700458A0B /* ProfileSettingsVC.swift */; };
		29AC977728FEEE4C00458A0B /* PostsCell.swift in Sources */ = {isa = PBXBuildFile; fileRef = 29AC977628FEEE4C00458A0B /* PostsCell.swift */; };
		29AE752328F44A910097A9F8 /* SDWebImage.framework in Frameworks */ = {isa = PBXBuildFile; fileRef = 29AE752228F44A910097A9F8 /* SDWebImage.framework */; };
		29AE752528F44AD40097A9F8 /* FirebaseAnalytics in Frameworks */ = {isa = PBXBuildFile; productRef = 29AE752428F44AD40097A9F8 /* FirebaseAnalytics */; };
		29AE752728F44AD40097A9F8 /* FirebaseAuth in Frameworks */ = {isa = PBXBuildFile; productRef = 29AE752628F44AD40097A9F8 /* FirebaseAuth */; };
		29AE752928F44AD40097A9F8 /* FirebaseDatabase in Frameworks */ = {isa = PBXBuildFile; productRef = 29AE752828F44AD40097A9F8 /* FirebaseDatabase */; };
		29AE752B28F44AD40097A9F8 /* FirebaseFirestore in Frameworks */ = {isa = PBXBuildFile; productRef = 29AE752A28F44AD40097A9F8 /* FirebaseFirestore */; };
		29AE752D28F44AD40097A9F8 /* FirebaseStorage in Frameworks */ = {isa = PBXBuildFile; productRef = 29AE752C28F44AD40097A9F8 /* FirebaseStorage */; };
		29B27C3E28F4B88C002C2C46 /* SignUpViewController.swift in Sources */ = {isa = PBXBuildFile; fileRef = 29B27C3D28F4B88C002C2C46 /* SignUpViewController.swift */; };
		29B27C4028F4C46E002C2C46 /* ProfileViewController.swift in Sources */ = {isa = PBXBuildFile; fileRef = 29B27C3F28F4C46E002C2C46 /* ProfileViewController.swift */; };
		29B58A0E28EC9A9A00BF2459 /* FeedCell.swift in Sources */ = {isa = PBXBuildFile; fileRef = 29B58A0D28EC9A9A00BF2459 /* FeedCell.swift */; };
		29EF0C72290332B00002795E /* RandomPostCell.swift in Sources */ = {isa = PBXBuildFile; fileRef = 29EF0C71290332B00002795E /* RandomPostCell.swift */; };
		29EF0C74290332CD0002795E /* SearchViewController.swift in Sources */ = {isa = PBXBuildFile; fileRef = 29EF0C73290332CD0002795E /* SearchViewController.swift */; };
/* End PBXBuildFile section */

/* Begin PBXFileReference section */
		29430FED28E8920700BD8550 /* FeedViewController.swift */ = {isa = PBXFileReference; lastKnownFileType = sourcecode.swift; path = FeedViewController.swift; sourceTree = "<group>"; };
		29430FEF28E8921300BD8550 /* UploadViewController.swift */ = {isa = PBXFileReference; lastKnownFileType = sourcecode.swift; path = UploadViewController.swift; sourceTree = "<group>"; };
		29430FF128E8922200BD8550 /* SettingsViewController.swift */ = {isa = PBXFileReference; lastKnownFileType = sourcecode.swift; path = SettingsViewController.swift; sourceTree = "<group>"; };
		296AAB6528E2EE2C00F0F499 /* InstaCloneFirebase.app */ = {isa = PBXFileReference; explicitFileType = wrapper.application; includeInIndex = 0; path = InstaCloneFirebase.app; sourceTree = BUILT_PRODUCTS_DIR; };
		296AAB6828E2EE2C00F0F499 /* AppDelegate.swift */ = {isa = PBXFileReference; lastKnownFileType = sourcecode.swift; path = AppDelegate.swift; sourceTree = "<group>"; };
		296AAB6A28E2EE2C00F0F499 /* SceneDelegate.swift */ = {isa = PBXFileReference; lastKnownFileType = sourcecode.swift; path = SceneDelegate.swift; sourceTree = "<group>"; };
		296AAB6C28E2EE2C00F0F499 /* ViewController.swift */ = {isa = PBXFileReference; lastKnownFileType = sourcecode.swift; path = ViewController.swift; sourceTree = "<group>"; };
		296AAB6F28E2EE2C00F0F499 /* Base */ = {isa = PBXFileReference; lastKnownFileType = file.storyboard; name = Base; path = Base.lproj/Main.storyboard; sourceTree = "<group>"; };
		296AAB7128E2EE2E00F0F499 /* Assets.xcassets */ = {isa = PBXFileReference; lastKnownFileType = folder.assetcatalog; path = Assets.xcassets; sourceTree = "<group>"; };
		296AAB7428E2EE2E00F0F499 /* Base */ = {isa = PBXFileReference; lastKnownFileType = file.storyboard; name = Base; path = Base.lproj/LaunchScreen.storyboard; sourceTree = "<group>"; };
		296AAB7C28E2F00100F0F499 /* GoogleService-Info.plist */ = {isa = PBXFileReference; fileEncoding = 4; lastKnownFileType = text.plist.xml; path = "GoogleService-Info.plist"; sourceTree = "<group>"; };
		29AC977028F8979700458A0B /* ProfileSettingsVC.swift */ = {isa = PBXFileReference; lastKnownFileType = sourcecode.swift; path = ProfileSettingsVC.swift; sourceTree = "<group>"; };
		29AC977628FEEE4C00458A0B /* PostsCell.swift */ = {isa = PBXFileReference; lastKnownFileType = sourcecode.swift; path = PostsCell.swift; sourceTree = "<group>"; };
		29AE752028F44A880097A9F8 /* Pods_InstaCloneFirebase.framework */ = {isa = PBXFileReference; explicitFileType = wrapper.framework; path = Pods_InstaCloneFirebase.framework; sourceTree = BUILT_PRODUCTS_DIR; };
		29AE752228F44A910097A9F8 /* SDWebImage.framework */ = {isa = PBXFileReference; explicitFileType = wrapper.framework; path = SDWebImage.framework; sourceTree = BUILT_PRODUCTS_DIR; };
		29B27C3D28F4B88C002C2C46 /* SignUpViewController.swift */ = {isa = PBXFileReference; lastKnownFileType = sourcecode.swift; path = SignUpViewController.swift; sourceTree = "<group>"; };
		29B27C3F28F4C46E002C2C46 /* ProfileViewController.swift */ = {isa = PBXFileReference; lastKnownFileType = sourcecode.swift; path = ProfileViewController.swift; sourceTree = "<group>"; };
		29B58A0928EC960500BF2459 /* Info.plist */ = {isa = PBXFileReference; fileEncoding = 4; lastKnownFileType = text.plist.xml; path = Info.plist; sourceTree = "<group>"; };
		29B58A0D28EC9A9A00BF2459 /* FeedCell.swift */ = {isa = PBXFileReference; lastKnownFileType = sourcecode.swift; path = FeedCell.swift; sourceTree = "<group>"; };
		29EF0C71290332B00002795E /* RandomPostCell.swift */ = {isa = PBXFileReference; lastKnownFileType = sourcecode.swift; path = RandomPostCell.swift; sourceTree = "<group>"; };
		29EF0C73290332CD0002795E /* SearchViewController.swift */ = {isa = PBXFileReference; lastKnownFileType = sourcecode.swift; path = SearchViewController.swift; sourceTree = "<group>"; };
		2E4A2555A07813FC6C1CAC4E /* Pods-InstaCloneFirebase.release.xcconfig */ = {isa = PBXFileReference; includeInIndex = 1; lastKnownFileType = text.xcconfig; name = "Pods-InstaCloneFirebase.release.xcconfig"; path = "Target Support Files/Pods-InstaCloneFirebase/Pods-InstaCloneFirebase.release.xcconfig"; sourceTree = "<group>"; };
		B425344A5FADE7061E222D8B /* Pods_InstaCloneFirebase.framework */ = {isa = PBXFileReference; explicitFileType = wrapper.framework; includeInIndex = 0; path = Pods_InstaCloneFirebase.framework; sourceTree = BUILT_PRODUCTS_DIR; };
		CF7B27D3E005220631AC0508 /* Pods-InstaCloneFirebase.debug.xcconfig */ = {isa = PBXFileReference; includeInIndex = 1; lastKnownFileType = text.xcconfig; name = "Pods-InstaCloneFirebase.debug.xcconfig"; path = "Target Support Files/Pods-InstaCloneFirebase/Pods-InstaCloneFirebase.debug.xcconfig"; sourceTree = "<group>"; };
/* End PBXFileReference section */

/* Begin PBXFrameworksBuildPhase section */
		296AAB6228E2EE2C00F0F499 /* Frameworks */ = {
			isa = PBXFrameworksBuildPhase;
			buildActionMask = 2147483647;
			files = (
				29AE752928F44AD40097A9F8 /* FirebaseDatabase in Frameworks */,
				29AE752328F44A910097A9F8 /* SDWebImage.framework in Frameworks */,
				29AE752728F44AD40097A9F8 /* FirebaseAuth in Frameworks */,
				29AE752528F44AD40097A9F8 /* FirebaseAnalytics in Frameworks */,
				29AE752D28F44AD40097A9F8 /* FirebaseStorage in Frameworks */,
				07BCCF4C63F5581F870091B6 /* Pods_InstaCloneFirebase.framework in Frameworks */,
				29AE752B28F44AD40097A9F8 /* FirebaseFirestore in Frameworks */,
			);
			runOnlyForDeploymentPostprocessing = 0;
		};
/* End PBXFrameworksBuildPhase section */

/* Begin PBXGroup section */
		296AAB5C28E2EE2C00F0F499 = {
			isa = PBXGroup;
			children = (
				296AAB6728E2EE2C00F0F499 /* InstaCloneFirebase */,
				296AAB6628E2EE2C00F0F499 /* Products */,
				E6931ED5CD6D8B28F76C3D72 /* Pods */,
				C0E0988D7E1F8A59E4731641 /* Frameworks */,
			);
			sourceTree = "<group>";
		};
		296AAB6628E2EE2C00F0F499 /* Products */ = {
			isa = PBXGroup;
			children = (
				296AAB6528E2EE2C00F0F499 /* InstaCloneFirebase.app */,
			);
			name = Products;
			sourceTree = "<group>";
		};
		296AAB6728E2EE2C00F0F499 /* InstaCloneFirebase */ = {
			isa = PBXGroup;
			children = (
				296AAB7C28E2F00100F0F499 /* GoogleService-Info.plist */,
				296AAB6828E2EE2C00F0F499 /* AppDelegate.swift */,
				296AAB6A28E2EE2C00F0F499 /* SceneDelegate.swift */,
				296AAB6C28E2EE2C00F0F499 /* ViewController.swift */,
				296AAB6E28E2EE2C00F0F499 /* Main.storyboard */,
				296AAB7128E2EE2E00F0F499 /* Assets.xcassets */,
				296AAB7328E2EE2E00F0F499 /* LaunchScreen.storyboard */,
				29430FED28E8920700BD8550 /* FeedViewController.swift */,
				29430FEF28E8921300BD8550 /* UploadViewController.swift */,
				29430FF128E8922200BD8550 /* SettingsViewController.swift */,
				29B58A0928EC960500BF2459 /* Info.plist */,
				29B58A0D28EC9A9A00BF2459 /* FeedCell.swift */,
				29B27C3D28F4B88C002C2C46 /* SignUpViewController.swift */,
				29B27C3F28F4C46E002C2C46 /* ProfileViewController.swift */,
				29AC977028F8979700458A0B /* ProfileSettingsVC.swift */,
				29AC977628FEEE4C00458A0B /* PostsCell.swift */,
				29EF0C71290332B00002795E /* RandomPostCell.swift */,
				29EF0C73290332CD0002795E /* SearchViewController.swift */,
			);
			path = InstaCloneFirebase;
			sourceTree = "<group>";
		};
		C0E0988D7E1F8A59E4731641 /* Frameworks */ = {
			isa = PBXGroup;
			children = (
				29AE752228F44A910097A9F8 /* SDWebImage.framework */,
				29AE752028F44A880097A9F8 /* Pods_InstaCloneFirebase.framework */,
				B425344A5FADE7061E222D8B /* Pods_InstaCloneFirebase.framework */,
			);
			name = Frameworks;
			sourceTree = "<group>";
		};
		E6931ED5CD6D8B28F76C3D72 /* Pods */ = {
			isa = PBXGroup;
			children = (
				CF7B27D3E005220631AC0508 /* Pods-InstaCloneFirebase.debug.xcconfig */,
				2E4A2555A07813FC6C1CAC4E /* Pods-InstaCloneFirebase.release.xcconfig */,
			);
			path = Pods;
			sourceTree = "<group>";
		};
/* End PBXGroup section */

/* Begin PBXNativeTarget section */
		296AAB6428E2EE2C00F0F499 /* InstaCloneFirebase */ = {
			isa = PBXNativeTarget;
			buildConfigurationList = 296AAB7928E2EE2E00F0F499 /* Build configuration list for PBXNativeTarget "InstaCloneFirebase" */;
			buildPhases = (
				B696D18065F64C663BE10463 /* [CP] Check Pods Manifest.lock */,
				296AAB6128E2EE2C00F0F499 /* Sources */,
				296AAB6228E2EE2C00F0F499 /* Frameworks */,
				296AAB6328E2EE2C00F0F499 /* Resources */,
				90498D9BA062FEF3E5FAF211 /* [CP] Embed Pods Frameworks */,
			);
			buildRules = (
			);
			dependencies = (
			);
			name = InstaCloneFirebase;
			packageProductDependencies = (
				29AE752428F44AD40097A9F8 /* FirebaseAnalytics */,
				29AE752628F44AD40097A9F8 /* FirebaseAuth */,
				29AE752828F44AD40097A9F8 /* FirebaseDatabase */,
				29AE752A28F44AD40097A9F8 /* FirebaseFirestore */,
				29AE752C28F44AD40097A9F8 /* FirebaseStorage */,
			);
			productName = InstaCloneFirebase;
			productReference = 296AAB6528E2EE2C00F0F499 /* InstaCloneFirebase.app */;
			productType = "com.apple.product-type.application";
		};
/* End PBXNativeTarget section */

/* Begin PBXProject section */
		296AAB5D28E2EE2C00F0F499 /* Project object */ = {
			isa = PBXProject;
			attributes = {
				BuildIndependentTargetsInParallel = 1;
				LastSwiftUpdateCheck = 1400;
				LastUpgradeCheck = 1400;
				TargetAttributes = {
					296AAB6428E2EE2C00F0F499 = {
						CreatedOnToolsVersion = 14.0;
					};
				};
			};
			buildConfigurationList = 296AAB6028E2EE2C00F0F499 /* Build configuration list for PBXProject "InstaCloneFirebase" */;
			compatibilityVersion = "Xcode 14.0";
			developmentRegion = en;
			hasScannedForEncodings = 0;
			knownRegions = (
				en,
				Base,
			);
			mainGroup = 296AAB5C28E2EE2C00F0F499;
			packageReferences = (
				296AAB7E28E2F1BB00F0F499 /* XCRemoteSwiftPackageReference "firebase-ios-sdk" */,
			);
			productRefGroup = 296AAB6628E2EE2C00F0F499 /* Products */;
			projectDirPath = "";
			projectRoot = "";
			targets = (
				296AAB6428E2EE2C00F0F499 /* InstaCloneFirebase */,
			);
		};
/* End PBXProject section */

/* Begin PBXResourcesBuildPhase section */
		296AAB6328E2EE2C00F0F499 /* Resources */ = {
			isa = PBXResourcesBuildPhase;
			buildActionMask = 2147483647;
			files = (
				296AAB7528E2EE2E00F0F499 /* LaunchScreen.storyboard in Resources */,
				296AAB7D28E2F00100F0F499 /* GoogleService-Info.plist in Resources */,
				296AAB7228E2EE2E00F0F499 /* Assets.xcassets in Resources */,
				296AAB7028E2EE2C00F0F499 /* Main.storyboard in Resources */,
			);
			runOnlyForDeploymentPostprocessing = 0;
		};
/* End PBXResourcesBuildPhase section */

/* Begin PBXShellScriptBuildPhase section */
		90498D9BA062FEF3E5FAF211 /* [CP] Embed Pods Frameworks */ = {
			isa = PBXShellScriptBuildPhase;
			buildActionMask = 2147483647;
			files = (
			);
			inputFileListPaths = (
				"${PODS_ROOT}/Target Support Files/Pods-InstaCloneFirebase/Pods-InstaCloneFirebase-frameworks-${CONFIGURATION}-input-files.xcfilelist",
			);
			name = "[CP] Embed Pods Frameworks";
			outputFileListPaths = (
				"${PODS_ROOT}/Target Support Files/Pods-InstaCloneFirebase/Pods-InstaCloneFirebase-frameworks-${CONFIGURATION}-output-files.xcfilelist",
			);
			runOnlyForDeploymentPostprocessing = 0;
			shellPath = /bin/sh;
			shellScript = "\"${PODS_ROOT}/Target Support Files/Pods-InstaCloneFirebase/Pods-InstaCloneFirebase-frameworks.sh\"\n";
			showEnvVarsInLog = 0;
		};
		B696D18065F64C663BE10463 /* [CP] Check Pods Manifest.lock */ = {
			isa = PBXShellScriptBuildPhase;
			buildActionMask = 2147483647;
			files = (
			);
			inputFileListPaths = (
			);
			inputPaths = (
				"${PODS_PODFILE_DIR_PATH}/Podfile.lock",
				"${PODS_ROOT}/Manifest.lock",
			);
			name = "[CP] Check Pods Manifest.lock";
			outputFileListPaths = (
			);
			outputPaths = (
				"$(DERIVED_FILE_DIR)/Pods-InstaCloneFirebase-checkManifestLockResult.txt",
			);
			runOnlyForDeploymentPostprocessing = 0;
			shellPath = /bin/sh;
			shellScript = "diff \"${PODS_PODFILE_DIR_PATH}/Podfile.lock\" \"${PODS_ROOT}/Manifest.lock\" > /dev/null\nif [ $? != 0 ] ; then\n    # print error to STDERR\n    echo \"error: The sandbox is not in sync with the Podfile.lock. Run 'pod install' or update your CocoaPods installation.\" >&2\n    exit 1\nfi\n# This output is used by Xcode 'outputs' to avoid re-running this script phase.\necho \"SUCCESS\" > \"${SCRIPT_OUTPUT_FILE_0}\"\n";
			showEnvVarsInLog = 0;
		};
/* End PBXShellScriptBuildPhase section */

/* Begin PBXSourcesBuildPhase section */
		296AAB6128E2EE2C00F0F499 /* Sources */ = {
			isa = PBXSourcesBuildPhase;
			buildActionMask = 2147483647;
			files = (
				29B58A0E28EC9A9A00BF2459 /* FeedCell.swift in Sources */,
				296AAB6D28E2EE2C00F0F499 /* ViewController.swift in Sources */,
				29EF0C72290332B00002795E /* RandomPostCell.swift in Sources */,
				29AC977728FEEE4C00458A0B /* PostsCell.swift in Sources */,
				29B27C3E28F4B88C002C2C46 /* SignUpViewController.swift in Sources */,
				29430FF028E8921300BD8550 /* UploadViewController.swift in Sources */,
				296AAB6928E2EE2C00F0F499 /* AppDelegate.swift in Sources */,
				29430FEE28E8920700BD8550 /* FeedViewController.swift in Sources */,
				29EF0C74290332CD0002795E /* SearchViewController.swift in Sources */,
				29B27C4028F4C46E002C2C46 /* ProfileViewController.swift in Sources */,
				29AC977128F8979700458A0B /* ProfileSettingsVC.swift in Sources */,
				296AAB6B28E2EE2C00F0F499 /* SceneDelegate.swift in Sources */,
				29430FF228E8922200BD8550 /* SettingsViewController.swift in Sources */,
			);
			runOnlyForDeploymentPostprocessing = 0;
		};
/* End PBXSourcesBuildPhase section */

/* Begin PBXVariantGroup section */
		296AAB6E28E2EE2C00F0F499 /* Main.storyboard */ = {
			isa = PBXVariantGroup;
			children = (
				296AAB6F28E2EE2C00F0F499 /* Base */,
			);
			name = Main.storyboard;
			sourceTree = "<group>";
		};
		296AAB7328E2EE2E00F0F499 /* LaunchScreen.storyboard */ = {
			isa = PBXVariantGroup;
			children = (
				296AAB7428E2EE2E00F0F499 /* Base */,
			);
			name = LaunchScreen.storyboard;
			sourceTree = "<group>";
		};
/* End PBXVariantGroup section */

/* Begin XCBuildConfiguration section */
		296AAB7728E2EE2E00F0F499 /* Debug */ = {
			isa = XCBuildConfiguration;
			buildSettings = {
				ALWAYS_SEARCH_USER_PATHS = NO;
				CLANG_ANALYZER_NONNULL = YES;
				CLANG_ANALYZER_NUMBER_OBJECT_CONVERSION = YES_AGGRESSIVE;
				CLANG_CXX_LANGUAGE_STANDARD = "gnu++20";
				CLANG_ENABLE_MODULES = YES;
				CLANG_ENABLE_OBJC_ARC = YES;
				CLANG_ENABLE_OBJC_WEAK = YES;
				CLANG_WARN_BLOCK_CAPTURE_AUTORELEASING = YES;
				CLANG_WARN_BOOL_CONVERSION = YES;
				CLANG_WARN_COMMA = YES;
				CLANG_WARN_CONSTANT_CONVERSION = YES;
				CLANG_WARN_DEPRECATED_OBJC_IMPLEMENTATIONS = YES;
				CLANG_WARN_DIRECT_OBJC_ISA_USAGE = YES_ERROR;
				CLANG_WARN_DOCUMENTATION_COMMENTS = YES;
				CLANG_WARN_EMPTY_BODY = YES;
				CLANG_WARN_ENUM_CONVERSION = YES;
				CLANG_WARN_INFINITE_RECURSION = YES;
				CLANG_WARN_INT_CONVERSION = YES;
				CLANG_WARN_NON_LITERAL_NULL_CONVERSION = YES;
				CLANG_WARN_OBJC_IMPLICIT_RETAIN_SELF = YES;
				CLANG_WARN_OBJC_LITERAL_CONVERSION = YES;
				CLANG_WARN_OBJC_ROOT_CLASS = YES_ERROR;
				CLANG_WARN_QUOTED_INCLUDE_IN_FRAMEWORK_HEADER = YES;
				CLANG_WARN_RANGE_LOOP_ANALYSIS = YES;
				CLANG_WARN_STRICT_PROTOTYPES = YES;
				CLANG_WARN_SUSPICIOUS_MOVE = YES;
				CLANG_WARN_UNGUARDED_AVAILABILITY = YES_AGGRESSIVE;
				CLANG_WARN_UNREACHABLE_CODE = YES;
				CLANG_WARN__DUPLICATE_METHOD_MATCH = YES;
				COPY_PHASE_STRIP = NO;
				DEBUG_INFORMATION_FORMAT = dwarf;
				ENABLE_STRICT_OBJC_MSGSEND = YES;
				ENABLE_TESTABILITY = YES;
				GCC_C_LANGUAGE_STANDARD = gnu11;
				GCC_DYNAMIC_NO_PIC = NO;
				GCC_NO_COMMON_BLOCKS = YES;
				GCC_OPTIMIZATION_LEVEL = 0;
				GCC_PREPROCESSOR_DEFINITIONS = (
					"DEBUG=1",
					"$(inherited)",
				);
				GCC_WARN_64_TO_32_BIT_CONVERSION = YES;
				GCC_WARN_ABOUT_RETURN_TYPE = YES_ERROR;
				GCC_WARN_UNDECLARED_SELECTOR = YES;
				GCC_WARN_UNINITIALIZED_AUTOS = YES_AGGRESSIVE;
				GCC_WARN_UNUSED_FUNCTION = YES;
				GCC_WARN_UNUSED_VARIABLE = YES;
				IPHONEOS_DEPLOYMENT_TARGET = 16.0;
				MTL_ENABLE_DEBUG_INFO = INCLUDE_SOURCE;
				MTL_FAST_MATH = YES;
				ONLY_ACTIVE_ARCH = YES;
				SDKROOT = iphoneos;
				SWIFT_ACTIVE_COMPILATION_CONDITIONS = DEBUG;
				SWIFT_OPTIMIZATION_LEVEL = "-Onone";
			};
			name = Debug;
		};
		296AAB7828E2EE2E00F0F499 /* Release */ = {
			isa = XCBuildConfiguration;
			buildSettings = {
				ALWAYS_SEARCH_USER_PATHS = NO;
				CLANG_ANALYZER_NONNULL = YES;
				CLANG_ANALYZER_NUMBER_OBJECT_CONVERSION = YES_AGGRESSIVE;
				CLANG_CXX_LANGUAGE_STANDARD = "gnu++20";
				CLANG_ENABLE_MODULES = YES;
				CLANG_ENABLE_OBJC_ARC = YES;
				CLANG_ENABLE_OBJC_WEAK = YES;
				CLANG_WARN_BLOCK_CAPTURE_AUTORELEASING = YES;
				CLANG_WARN_BOOL_CONVERSION = YES;
				CLANG_WARN_COMMA = YES;
				CLANG_WARN_CONSTANT_CONVERSION = YES;
				CLANG_WARN_DEPRECATED_OBJC_IMPLEMENTATIONS = YES;
				CLANG_WARN_DIRECT_OBJC_ISA_USAGE = YES_ERROR;
				CLANG_WARN_DOCUMENTATION_COMMENTS = YES;
				CLANG_WARN_EMPTY_BODY = YES;
				CLANG_WARN_ENUM_CONVERSION = YES;
				CLANG_WARN_INFINITE_RECURSION = YES;
				CLANG_WARN_INT_CONVERSION = YES;
				CLANG_WARN_NON_LITERAL_NULL_CONVERSION = YES;
				CLANG_WARN_OBJC_IMPLICIT_RETAIN_SELF = YES;
				CLANG_WARN_OBJC_LITERAL_CONVERSION = YES;
				CLANG_WARN_OBJC_ROOT_CLASS = YES_ERROR;
				CLANG_WARN_QUOTED_INCLUDE_IN_FRAMEWORK_HEADER = YES;
				CLANG_WARN_RANGE_LOOP_ANALYSIS = YES;
				CLANG_WARN_STRICT_PROTOTYPES = YES;
				CLANG_WARN_SUSPICIOUS_MOVE = YES;
				CLANG_WARN_UNGUARDED_AVAILABILITY = YES_AGGRESSIVE;
				CLANG_WARN_UNREACHABLE_CODE = YES;
				CLANG_WARN__DUPLICATE_METHOD_MATCH = YES;
				COPY_PHASE_STRIP = NO;
				DEBUG_INFORMATION_FORMAT = "dwarf-with-dsym";
				ENABLE_NS_ASSERTIONS = NO;
				ENABLE_STRICT_OBJC_MSGSEND = YES;
				GCC_C_LANGUAGE_STANDARD = gnu11;
				GCC_NO_COMMON_BLOCKS = YES;
				GCC_WARN_64_TO_32_BIT_CONVERSION = YES;
				GCC_WARN_ABOUT_RETURN_TYPE = YES_ERROR;
				GCC_WARN_UNDECLARED_SELECTOR = YES;
				GCC_WARN_UNINITIALIZED_AUTOS = YES_AGGRESSIVE;
				GCC_WARN_UNUSED_FUNCTION = YES;
				GCC_WARN_UNUSED_VARIABLE = YES;
				IPHONEOS_DEPLOYMENT_TARGET = 16.0;
				MTL_ENABLE_DEBUG_INFO = NO;
				MTL_FAST_MATH = YES;
				SDKROOT = iphoneos;
				SWIFT_COMPILATION_MODE = wholemodule;
				SWIFT_OPTIMIZATION_LEVEL = "-O";
				VALIDATE_PRODUCT = YES;
			};
			name = Release;
		};
		296AAB7A28E2EE2E00F0F499 /* Debug */ = {
			isa = XCBuildConfiguration;
			baseConfigurationReference = CF7B27D3E005220631AC0508 /* Pods-InstaCloneFirebase.debug.xcconfig */;
			buildSettings = {
				ASSETCATALOG_COMPILER_APPICON_NAME = AppIcon;
				ASSETCATALOG_COMPILER_GLOBAL_ACCENT_COLOR_NAME = AccentColor;
				CODE_SIGN_STYLE = Automatic;
				CURRENT_PROJECT_VERSION = 1;
				DEVELOPMENT_TEAM = TU72F4GFFV;
				GENERATE_INFOPLIST_FILE = YES;
				INFOPLIST_FILE = InstaCloneFirebase/Info.plist;
				INFOPLIST_KEY_UIApplicationSupportsIndirectInputEvents = YES;
				INFOPLIST_KEY_UILaunchStoryboardName = LaunchScreen;
				INFOPLIST_KEY_UIMainStoryboardFile = Main;
				INFOPLIST_KEY_UISupportedInterfaceOrientations_iPad = "UIInterfaceOrientationPortrait UIInterfaceOrientationPortraitUpsideDown UIInterfaceOrientationLandscapeLeft UIInterfaceOrientationLandscapeRight";
				INFOPLIST_KEY_UISupportedInterfaceOrientations_iPhone = "UIInterfaceOrientationPortrait UIInterfaceOrientationLandscapeLeft UIInterfaceOrientationLandscapeRight";
				LD_RUNPATH_SEARCH_PATHS = (
					"$(inherited)",
					"@executable_path/Frameworks",
				);
				MARKETING_VERSION = 1.0;
				PRODUCT_BUNDLE_IDENTIFIER = kz.InstaCloneFirebase;
				PRODUCT_NAME = "$(TARGET_NAME)";
				SWIFT_EMIT_LOC_STRINGS = YES;
				SWIFT_VERSION = 5.0;
				TARGETED_DEVICE_FAMILY = "1,2";
			};
			name = Debug;
		};
		296AAB7B28E2EE2E00F0F499 /* Release */ = {
			isa = XCBuildConfiguration;
			baseConfigurationReference = 2E4A2555A07813FC6C1CAC4E /* Pods-InstaCloneFirebase.release.xcconfig */;
			buildSettings = {
				ASSETCATALOG_COMPILER_APPICON_NAME = AppIcon;
				ASSETCATALOG_COMPILER_GLOBAL_ACCENT_COLOR_NAME = AccentColor;
				CODE_SIGN_STYLE = Automatic;
				CURRENT_PROJECT_VERSION = 1;
				DEVELOPMENT_TEAM = TU72F4GFFV;
				GENERATE_INFOPLIST_FILE = YES;
				INFOPLIST_FILE = InstaCloneFirebase/Info.plist;
				INFOPLIST_KEY_UIApplicationSupportsIndirectInputEvents = YES;
				INFOPLIST_KEY_UILaunchStoryboardName = LaunchScreen;
				INFOPLIST_KEY_UIMainStoryboardFile = Main;
				INFOPLIST_KEY_UISupportedInterfaceOrientations_iPad = "UIInterfaceOrientationPortrait UIInterfaceOrientationPortraitUpsideDown UIInterfaceOrientationLandscapeLeft UIInterfaceOrientationLandscapeRight";
				INFOPLIST_KEY_UISupportedInterfaceOrientations_iPhone = "UIInterfaceOrientationPortrait UIInterfaceOrientationLandscapeLeft UIInterfaceOrientationLandscapeRight";
				LD_RUNPATH_SEARCH_PATHS = (
					"$(inherited)",
					"@executable_path/Frameworks",
				);
				MARKETING_VERSION = 1.0;
				PRODUCT_BUNDLE_IDENTIFIER = kz.InstaCloneFirebase;
				PRODUCT_NAME = "$(TARGET_NAME)";
				SWIFT_EMIT_LOC_STRINGS = YES;
				SWIFT_VERSION = 5.0;
				TARGETED_DEVICE_FAMILY = "1,2";
			};
			name = Release;
		};
/* End XCBuildConfiguration section */

/* Begin XCConfigurationList section */
		296AAB6028E2EE2C00F0F499 /* Build configuration list for PBXProject "InstaCloneFirebase" */ = {
			isa = XCConfigurationList;
			buildConfigurations = (
				296AAB7728E2EE2E00F0F499 /* Debug */,
				296AAB7828E2EE2E00F0F499 /* Release */,
			);
			defaultConfigurationIsVisible = 0;
			defaultConfigurationName = Release;
		};
		296AAB7928E2EE2E00F0F499 /* Build configuration list for PBXNativeTarget "InstaCloneFirebase" */ = {
			isa = XCConfigurationList;
			buildConfigurations = (
				296AAB7A28E2EE2E00F0F499 /* Debug */,
				296AAB7B28E2EE2E00F0F499 /* Release */,
			);
			defaultConfigurationIsVisible = 0;
			defaultConfigurationName = Release;
		};
/* End XCConfigurationList section */

/* Begin XCRemoteSwiftPackageReference section */
		296AAB7E28E2F1BB00F0F499 /* XCRemoteSwiftPackageReference "firebase-ios-sdk" */ = {
			isa = XCRemoteSwiftPackageReference;
			repositoryURL = "https://github.com/firebase/firebase-ios-sdk";
			requirement = {
				kind = upToNextMajorVersion;
				minimumVersion = 9.0.0;
			};
		};
/* End XCRemoteSwiftPackageReference section */

/* Begin XCSwiftPackageProductDependency section */
		29AE752428F44AD40097A9F8 /* FirebaseAnalytics */ = {
			isa = XCSwiftPackageProductDependency;
			package = 296AAB7E28E2F1BB00F0F499 /* XCRemoteSwiftPackageReference "firebase-ios-sdk" */;
			productName = FirebaseAnalytics;
		};
		29AE752628F44AD40097A9F8 /* FirebaseAuth */ = {
			isa = XCSwiftPackageProductDependency;
			package = 296AAB7E28E2F1BB00F0F499 /* XCRemoteSwiftPackageReference "firebase-ios-sdk" */;
			productName = FirebaseAuth;
		};
		29AE752828F44AD40097A9F8 /* FirebaseDatabase */ = {
			isa = XCSwiftPackageProductDependency;
			package = 296AAB7E28E2F1BB00F0F499 /* XCRemoteSwiftPackageReference "firebase-ios-sdk" */;
			productName = FirebaseDatabase;
		};
		29AE752A28F44AD40097A9F8 /* FirebaseFirestore */ = {
			isa = XCSwiftPackageProductDependency;
			package = 296AAB7E28E2F1BB00F0F499 /* XCRemoteSwiftPackageReference "firebase-ios-sdk" */;
			productName = FirebaseFirestore;
		};
		29AE752C28F44AD40097A9F8 /* FirebaseStorage */ = {
			isa = XCSwiftPackageProductDependency;
			package = 296AAB7E28E2F1BB00F0F499 /* XCRemoteSwiftPackageReference "firebase-ios-sdk" */;
			productName = FirebaseStorage;
		};
/* End XCSwiftPackageProductDependency section */
	};
	rootObject = 296AAB5D28E2EE2C00F0F499 /* Project object */;
}
